// !$*UTF8*$!
{
	archiveVersion = 1;
	classes = {
	};
	objectVersion = 46;
	objects = {

/* Begin PBXBuildFile section */
		1488ED631D9999FB0030DB95 /* AppDelegate.swift in Sources */ = {isa = PBXBuildFile; fileRef = 1488ED621D9999FB0030DB95 /* AppDelegate.swift */; };
		1488ED651D9999FB0030DB95 /* ViewController.swift in Sources */ = {isa = PBXBuildFile; fileRef = 1488ED641D9999FB0030DB95 /* ViewController.swift */; };
		1488ED681D9999FB0030DB95 /* Main.storyboard in Resources */ = {isa = PBXBuildFile; fileRef = 1488ED661D9999FB0030DB95 /* Main.storyboard */; };
		1488ED6A1D9999FB0030DB95 /* Assets.xcassets in Resources */ = {isa = PBXBuildFile; fileRef = 1488ED691D9999FB0030DB95 /* Assets.xcassets */; };
		1488ED6D1D9999FB0030DB95 /* LaunchScreen.storyboard in Resources */ = {isa = PBXBuildFile; fileRef = 1488ED6B1D9999FB0030DB95 /* LaunchScreen.storyboard */; };
/* End PBXBuildFile section */

/* Begin PBXFileReference section */
		1488ED5F1D9999FB0030DB95 /* SecondProject.app */ = {isa = PBXFileReference; explicitFileType = wrapper.application; includeInIndex = 0; path = SecondProject.app; sourceTree = BUILT_PRODUCTS_DIR; };
		1488ED621D9999FB0030DB95 /* AppDelegate.swift */ = {isa = PBXFileReference; lastKnownFileType = sourcecode.swift; path = AppDelegate.swift; sourceTree = "<group>"; };
		1488ED641D9999FB0030DB95 /* ViewController.swift */ = {isa = PBXFileReference; lastKnownFileType = sourcecode.swift; path = ViewController.swift; sourceTree = "<group>"; };
		1488ED671D9999FB0030DB95 /* Base */ = {isa = PBXFileReference; lastKnownFileType = file.storyboard; name = Base; path = Base.lproj/Main.storyboard; sourceTree = "<group>"; };
		1488ED691D9999FB0030DB95 /* Assets.xcassets */ = {isa = PBXFileReference; lastKnownFileType = folder.assetcatalog; path = Assets.xcassets; sourceTree = "<group>"; };
		1488ED6C1D9999FB0030DB95 /* Base */ = {isa = PBXFileReference; lastKnownFileType = file.storyboard; name = Base; path = Base.lproj/LaunchScreen.storyboard; sourceTree = "<group>"; };
		1488ED6E1D9999FB0030DB95 /* Info.plist */ = {isa = PBXFileReference; lastKnownFileType = text.plist.xml; path = Info.plist; sourceTree = "<group>"; };
/* End PBXFileReference section */

/* Begin PBXFrameworksBuildPhase section */
		1488ED5C1D9999FB0030DB95 /* Frameworks */ = {
			isa = PBXFrameworksBuildPhase;
			buildActionMask = 2147483647;
			files = (
			);
			runOnlyForDeploymentPostprocessing = 0;
		};
/* End PBXFrameworksBuildPhase section */

/* Begin PBXGroup section */
		1488ED561D9999FB0030DB95 = {
			isa = PBXGroup;
			children = (
				1488ED611D9999FB0030DB95 /* SecondProject */,
				1488ED601D9999FB0030DB95 /* Products */,
			);
			sourceTree = "<group>";
		};
		1488ED601D9999FB0030DB95 /* Products */ = {
			isa = PBXGroup;
			children = (
				1488ED5F1D9999FB0030DB95 /* SecondProject.app */,
			);
			name = Products;
			sourceTree = "<group>";
		};
		1488ED611D9999FB0030DB95 /* SecondProject */ = {
			isa = PBXGroup;
			children = (
				1488ED621D9999FB0030DB95 /* AppDelegate.swift */,
				1488ED641D9999FB0030DB95 /* ViewController.swift */,
				1488ED661D9999FB0030DB95 /* Main.storyboard */,
				1488ED691D9999FB0030DB95 /* Assets.xcassets */,
				1488ED6B1D9999FB0030DB95 /* LaunchScreen.storyboard */,
				1488ED6E1D9999FB0030DB95 /* Info.plist */,
			);
			path = SecondProject;
			sourceTree = "<group>";
		};
/* End PBXGroup section */

/* Begin PBXNativeTarget section */
		1488ED5E1D9999FB0030DB95 /* SecondProject */ = {
			isa = PBXNativeTarget;
			buildConfigurationList = 1488ED711D9999FB0030DB95 /* Build configuration list for PBXNativeTarget "SecondProject" */;
			buildPhases = (
				1488ED5B1D9999FB0030DB95 /* Sources */,
				1488ED5C1D9999FB0030DB95 /* Frameworks */,
				1488ED5D1D9999FB0030DB95 /* Resources */,
			);
			buildRules = (
			);
			dependencies = (
			);
			name = SecondProject;
			productName = SecondProject;
			productReference = 1488ED5F1D9999FB0030DB95 /* SecondProject.app */;
			productType = "com.apple.product-type.application";
		};
/* End PBXNativeTarget section */

/* Begin PBXProject section */
		1488ED571D9999FB0030DB95 /* Project object */ = {
			isa = PBXProject;
			attributes = {
				LastSwiftUpdateCheck = 0720;
				LastUpgradeCheck = 0720;
				ORGANIZATIONNAME = "Paladugu, Sai neeraj";
				TargetAttributes = {
					1488ED5E1D9999FB0030DB95 = {
						CreatedOnToolsVersion = 7.2;
					};
				};
			};
			buildConfigurationList = 1488ED5A1D9999FB0030DB95 /* Build configuration list for PBXProject "SecondProject" */;
			compatibilityVersion = "Xcode 3.2";
			developmentRegion = English;
			hasScannedForEncodings = 0;
			knownRegions = (
				en,
				Base,
			);
			mainGroup = 1488ED561D9999FB0030DB95;
			productRefGroup = 1488ED601D9999FB0030DB95 /* Products */;
			projectDirPath = "";
			projectRoot = "";
			targets = (
				1488ED5E1D9999FB0030DB95 /* SecondProject */,
			);
		};
/* End PBXProject section */

/* Begin PBXResourcesBuildPhase section */
		1488ED5D1D9999FB0030DB95 /* Resources */ = {
			isa = PBXResourcesBuildPhase;
			buildActionMask = 2147483647;
			files = (
				1488ED6D1D9999FB0030DB95 /* LaunchScreen.storyboard in Resources */,
				1488ED6A1D9999FB0030DB95 /* Assets.xcassets in Resources */,
				1488ED681D9999FB0030DB95 /* Main.storyboard in Resources */,
			);
			runOnlyForDeploymentPostprocessing = 0;
		};
/* End PBXResourcesBuildPhase section */

/* Begin PBXSourcesBuildPhase section */
		1488ED5B1D9999FB0030DB95 /* Sources */ = {
			isa = PBXSourcesBuildPhase;
			buildActionMask = 2147483647;
			files = (
				1488ED651D9999FB0030DB95 /* ViewController.swift in Sources */,
				1488ED631D9999FB0030DB95 /* AppDelegate.swift in Sources */,
			);
			runOnlyForDeploymentPostprocessing = 0;
		};
/* End PBXSourcesBuildPhase section */

/* Begin PBXVariantGroup section */
		1488ED661D9999FB0030DB95 /* Main.storyboard */ = {
			isa = PBXVariantGroup;
			children = (
				1488ED671D9999FB0030DB95 /* Base */,
			);
			name = Main.storyboard;
			sourceTree = "<group>";
		};
		1488ED6B1D9999FB0030DB95 /* LaunchScreen.storyboard */ = {
			isa = PBXVariantGroup;
			children = (
				1488ED6C1D9999FB0030DB95 /* Base */,
			);
			name = LaunchScreen.storyboard;
			sourceTree = "<group>";
		};
/* End PBXVariantGroup section */

/* Begin XCBuildConfiguration section */
		1488ED6F1D9999FB0030DB95 /* Debug */ = {
			isa = XCBuildConfiguration;
			buildSettings = {
				ALWAYS_SEARCH_USER_PATHS = NO;
				CLANG_CXX_LANGUAGE_STANDARD = "gnu++0x";
				CLANG_CXX_LIBRARY = "libc++";
				CLANG_ENABLE_MODULES = YES;
				CLANG_ENABLE_OBJC_ARC = YES;
				CLANG_WARN_BOOL_CONVERSION = YES;
				CLANG_WARN_CONSTANT_CONVERSION = YES;
				CLANG_WARN_DIRECT_OBJC_ISA_USAGE = YES_ERROR;
				CLANG_WARN_EMPTY_BODY = YES;
				CLANG_WARN_ENUM_CONVERSION = YES;
				CLANG_WARN_INT_CONVERSION = YES;
				CLANG_WARN_OBJC_ROOT_CLASS = YES_ERROR;
				CLANG_WARN_UNREACHABLE_CODE = YES;
				CLANG_WARN__DUPLICATE_METHOD_MATCH = YES;
				"CODE_SIGN_IDENTITY[sdk=iphoneos*]" = "iPhone Developer";
				COPY_PHASE_STRIP = NO;
				DEBUG_INFORMATION_FORMAT = dwarf;
				ENABLE_STRICT_OBJC_MSGSEND = YES;
				ENABLE_TESTABILITY = YES;
				GCC_C_LANGUAGE_STANDARD = gnu99;
				GCC_DYNAMIC_NO_PIC = NO;
				GCC_NO_COMMON_BLOCKS = YES;
				GCC_OPTIMIZATION_LEVEL = 0;
				GCC_PREPROCESSOR_DEFINITIONS = (
					"DEBUG=1",
					"$(inherited)",
				);
				GCC_WARN_64_TO_32_BIT_CONVERSION = YES;
				GCC_WARN_ABOUT_RETURN_TYPE = YES_ERROR;
				GCC_WARN_UNDECLARED_SELECTOR = YES;
				GCC_WARN_UNINITIALIZED_AUTOS = YES_AGGRESSIVE;
				GCC_WARN_UNUSED_FUNCTION = YES;
				GCC_WARN_UNUSED_VARIABLE = YES;
				IPHONEOS_DEPLOYMENT_TARGET = 9.2;
				MTL_ENABLE_DEBUG_INFO = YES;
				ONLY_ACTIVE_ARCH = YES;
				SDKROOT = iphoneos;
				SWIFT_OPTIMIZATION_LEVEL = "-Onone";
				TARGETED_DEVICE_FAMILY = "1,2";
			};
			name = Debug;
		};
		1488ED701D9999FB0030DB95 /* Release */ = {
			isa = XCBuildConfiguration;
			buildSettings = {
				ALWAYS_SEARCH_USER_PATHS = NO;
				CLANG_CXX_LANGUAGE_STANDARD = "gnu++0x";
				CLANG_CXX_LIBRARY = "libc++";
				CLANG_ENABLE_MODULES = YES;
				CLANG_ENABLE_OBJC_ARC = YES;
				CLANG_WARN_BOOL_CONVERSION = YES;
				CLANG_WARN_CONSTANT_CONVERSION = YES;
				CLANG_WARN_DIRECT_OBJC_ISA_USAGE = YES_ERROR;
				CLANG_WARN_EMPTY_BODY = YES;
				CLANG_WARN_ENUM_CONVERSION = YES;
				CLANG_WARN_INT_CONVERSION = YES;
				CLANG_WARN_OBJC_ROOT_CLASS = YES_ERROR;
				CLANG_WARN_UNREACHABLE_CODE = YES;
				CLANG_WARN__DUPLICATE_METHOD_MATCH = YES;
				"CODE_SIGN_IDENTITY[sdk=iphoneos*]" = "iPhone Developer";
				COPY_PHASE_STRIP = NO;
				DEBUG_INFORMATION_FORMAT = "dwarf-with-dsym";
				ENABLE_NS_ASSERTIONS = NO;
				ENABLE_STRICT_OBJC_MSGSEND = YES;
				GCC_C_LANGUAGE_STANDARD = gnu99;
				GCC_NO_COMMON_BLOCKS = YES;
				GCC_WARN_64_TO_32_BIT_CONVERSION = YES;
				GCC_WARN_ABOUT_RETURN_TYPE = YES_ERROR;
				GCC_WARN_UNDECLARED_SELECTOR = YES;
				GCC_WARN_UNINITIALIZED_AUTOS = YES_AGGRESSIVE;
				GCC_WARN_UNUSED_FUNCTION = YES;
				GCC_WARN_UNUSED_VARIABLE = YES;
				IPHONEOS_DEPLOYMENT_TARGET = 9.2;
				MTL_ENABLE_DEBUG_INFO = NO;
				SDKROOT = iphoneos;
				TARGETED_DEVICE_FAMILY = "1,2";
				VALIDATE_PRODUCT = YES;
			};
			name = Release;
		};
		1488ED721D9999FB0030DB95 /* Debug */ = {
			isa = XCBuildConfiguration;
			buildSettings = {
				ASSETCATALOG_COMPILER_APPICON_NAME = AppIcon;
				INFOPLIST_FILE = SecondProject/Info.plist;
				LD_RUNPATH_SEARCH_PATHS = "$(inherited) @executable_path/Frameworks";
				PRODUCT_BUNDLE_IDENTIFIER = CTEC.SecondProject;
				PRODUCT_NAME = "$(TARGET_NAME)";
			};
			name = Debug;
		};
		1488ED731D9999FB0030DB95 /* Release */ = {
			isa = XCBuildConfiguration;
			buildSettings = {
				ASSETCATALOG_COMPILER_APPICON_NAME = AppIcon;
				INFOPLIST_FILE = SecondProject/Info.plist;
				LD_RUNPATH_SEARCH_PATHS = "$(inherited) @executable_path/Frameworks";
				PRODUCT_BUNDLE_IDENTIFIER = CTEC.SecondProject;
				PRODUCT_NAME = "$(TARGET_NAME)";
			};
			name = Release;
		};
/* End XCBuildConfiguration section */

/* Begin XCConfigurationList section */
		1488ED5A1D9999FB0030DB95 /* Build configuration list for PBXProject "SecondProject" */ = {
			isa = XCConfigurationList;
			buildConfigurations = (
				1488ED6F1D9999FB0030DB95 /* Debug */,
				1488ED701D9999FB0030DB95 /* Release */,
			);
			defaultConfigurationIsVisible = 0;
			defaultConfigurationName = Release;
		};
		1488ED711D9999FB0030DB95 /* Build configuration list for PBXNativeTarget "SecondProject" */ = {
			isa = XCConfigurationList;
			buildConfigurations = (
				1488ED721D9999FB0030DB95 /* Debug */,
				1488ED731D9999FB0030DB95 /* Release */,
			);
			defaultConfigurationIsVisible = 0;
		};
/* End XCConfigurationList section */
	};
	rootObject = 1488ED571D9999FB0030DB95 /* Project object */;
}
